
Microsoft Visual Studio Solution File, Format Version 12.00
# Visual Studio Version 17
VisualStudioVersion = 17.9.34701.34
MinimumVisualStudioVersion = 10.0.40219.1
Project("{FAE04EC0-301F-11D3-BF4B-00C04F79EFBC}") = "BasicStabilityAPI", "BasicStabilityAPI.csproj", "{9D3CBB85-928E-4D8B-ABA4-E4D14D8588CF}"
EndProject
Global
	GlobalSection(SolutionConfigurationPlatforms) = preSolution
		Debug|Any CPU = Debug|Any CPU
		Release|Any CPU = Release|Any CPU
	EndGlobalSection
	GlobalSection(ProjectConfigurationPlatforms) = postSolution
		{9D3CBB85-928E-4D8B-ABA4-E4D14D8588CF}.Debug|Any CPU.ActiveCfg = Debug|Any CPU
		{9D3CBB85-928E-4D8B-ABA4-E4D14D8588CF}.Debug|Any CPU.Build.0 = Debug|Any CPU
		{9D3CBB85-928E-4D8B-ABA4-E4D14D8588CF}.Release|Any CPU.ActiveCfg = Release|Any CPU
		{9D3CBB85-928E-4D8B-ABA4-E4D14D8588CF}.Release|Any CPU.Build.0 = Release|Any CPU
	EndGlobalSection
	GlobalSection(SolutionProperties) = preSolution
		HideSolutionNode = FALSE
	EndGlobalSection
	GlobalSection(ExtensibilityGlobals) = postSolution
		SolutionGuid = {AA9B0B57-684D-42D2-A328-12FE26DDC150}
	EndGlobalSection
EndGlobal
